
Microsoft Visual Studio Solution File, Format Version 12.00
# Visual Studio 15
VisualStudioVersion = 15.0.27428.2005
MinimumVisualStudioVersion = 10.0.40219.1
Project("{FAE04EC0-301F-11D3-BF4B-00C04F79EFBC}") = "CoinsRateGetData", "CoinsRateGetData\CoinsRateGetData.csproj", "{38DD7242-5202-4B5F-B1A3-558F09D001F3}"
EndProject
Global
	GlobalSection(SolutionConfigurationPlatforms) = preSolution
		Debug|Any CPU = Debug|Any CPU
		Release|Any CPU = Release|Any CPU
	EndGlobalSection
	GlobalSection(ProjectConfigurationPlatforms) = postSolution
		{38DD7242-5202-4B5F-B1A3-558F09D001F3}.Debug|Any CPU.ActiveCfg = Debug|Any CPU
		{38DD7242-5202-4B5F-B1A3-558F09D001F3}.Debug|Any CPU.Build.0 = Debug|Any CPU
		{38DD7242-5202-4B5F-B1A3-558F09D001F3}.Release|Any CPU.ActiveCfg = Release|Any CPU
		{38DD7242-5202-4B5F-B1A3-558F09D001F3}.Release|Any CPU.Build.0 = Release|Any CPU
	EndGlobalSection
	GlobalSection(SolutionProperties) = preSolution
		HideSolutionNode = FALSE
	EndGlobalSection
	GlobalSection(ExtensibilityGlobals) = postSolution
		SolutionGuid = {D85F8F45-9B6E-4A97-A524-204EA14F090C}
	EndGlobalSection
EndGlobal
